{
  "name": "@nasi/lottie-react-native",
  "version": "0.2.0",
  "lockfileVersion": 2,
  "requires": true,
  "packages": {
    "": {
      "name": "@nasi/lottie-react-native",
      "version": "0.2.0",
      "license": "MIT",
      "dependencies": {
        "@nasi/react-native": "^0.64.7",
        "@rescript/react": "^0.10.2"
      },
      "devDependencies": {
        "bs-platform": "^9.0.2"
      }
    },
    "node_modules/@nasi/react-native": {
      "version": "0.64.7",
      "resolved": "https://registry.npmjs.org/@nasi/react-native/-/react-native-0.64.7.tgz",
      "integrity": "sha512-+EasCUryyxqWxuDbYnGtYYdc8yhrpAytbadhonT5ee5V7/UFW2exNpM7euiH/NelMG7JwTtNRnWoKoVMAtCcpA==",
      "dependencies": {
        "@rescript/react": "^0.10.2",
        "rescript-react-native": "0.64.2"
      }
    },
    "node_modules/@rescript/react": {
      "version": "0.10.2",
      "resolved": "https://registry.npmjs.org/@rescript/react/-/react-0.10.2.tgz",
      "integrity": "sha512-Qe21P4WnrmrbhbEMQ4dpaXC1/iMMc7JmqjuSpZouSP+s41K5dCXUGY9sds30gajU74lSfJdG2PzSDYcNAcDyVA==",
      "peerDependencies": {
        "bs-platform": ">=8.3.0",
        "react": ">=16.8.1",
        "react-dom": ">=16.8.1"
      }
    },
    "node_modules/bs-platform": {
      "version": "9.0.2",
      "resolved": "https://registry.npmjs.org/bs-platform/-/bs-platform-9.0.2.tgz",
      "integrity": "sha512-Ye9JqJ4Oa7mcjjoOVRYI8Uc2Cf8N7jQLWDcdUplY7996d/YErSR7WitmV7XnSwr4EvdrbwjEsg1NxNjUQv3ChA==",
      "hasInstallScript": true,
      "bin": {
        "bsb": "bsb",
        "bsc": "bsc",
        "bsrefmt": "bsrefmt",
        "bstracing": "lib/bstracing"
      }
    },
    "node_modules/rescript-react-native": {
      "version": "0.64.2",
      "resolved": "https://registry.npmjs.org/rescript-react-native/-/rescript-react-native-0.64.2.tgz",
      "integrity": "sha512-gj/RwquWhQh17JiK6AlyIMkh8wy0U8tIRAiWlZyfShS06/5qCIgMlkJbYY/b4UiJNxYASDKeJNIRWyH3fJ8wVQ==",
      "peerDependencies": {
        "@rescript/react": "^0.10.0",
        "bs-platform": "^9.0.0",
        "react-native": "^0.64.0"
      }
    }
  },
  "dependencies": {
    "@nasi/react-native": {
      "version": "0.64.7",
      "resolved": "https://registry.npmjs.org/@nasi/react-native/-/react-native-0.64.7.tgz",
      "integrity": "sha512-+EasCUryyxqWxuDbYnGtYYdc8yhrpAytbadhonT5ee5V7/UFW2exNpM7euiH/NelMG7JwTtNRnWoKoVMAtCcpA==",
      "requires": {
        "@rescript/react": "^0.10.2",
        "rescript-react-native": "0.64.2"
      }
    },
    "@rescript/react": {
      "version": "0.10.2",
      "resolved": "https://registry.npmjs.org/@rescript/react/-/react-0.10.2.tgz",
      "integrity": "sha512-Qe21P4WnrmrbhbEMQ4dpaXC1/iMMc7JmqjuSpZouSP+s41K5dCXUGY9sds30gajU74lSfJdG2PzSDYcNAcDyVA==",
      "requires": {}
    },
    "bs-platform": {
      "version": "9.0.2",
      "resolved": "https://registry.npmjs.org/bs-platform/-/bs-platform-9.0.2.tgz",
      "integrity": "sha512-Ye9JqJ4Oa7mcjjoOVRYI8Uc2Cf8N7jQLWDcdUplY7996d/YErSR7WitmV7XnSwr4EvdrbwjEsg1NxNjUQv3ChA=="
    },
    "rescript-react-native": {
      "version": "0.64.2",
      "resolved": "https://registry.npmjs.org/rescript-react-native/-/rescript-react-native-0.64.2.tgz",
      "integrity": "sha512-gj/RwquWhQh17JiK6AlyIMkh8wy0U8tIRAiWlZyfShS06/5qCIgMlkJbYY/b4UiJNxYASDKeJNIRWyH3fJ8wVQ==",
      "requires": {}
    }
  }
}
